
Microsoft Visual Studio Solution File, Format Version 12.00
# Visual Studio Version 17
VisualStudioVersion = 17.6.33801.468
MinimumVisualStudioVersion = 10.0.40219.1
Project("{FAE04EC0-301F-11D3-BF4B-00C04F79EFBC}") = "QuickSort", "QuickSort\QuickSort.csproj", "{CC985ACA-29AC-4025-9390-932AAFADE641}"
EndProject
Global
	GlobalSection(SolutionConfigurationPlatforms) = preSolution
		Debug|Any CPU = Debug|Any CPU
		Release|Any CPU = Release|Any CPU
	EndGlobalSection
	GlobalSection(ProjectConfigurationPlatforms) = postSolution
		{CC985ACA-29AC-4025-9390-932AAFADE641}.Debug|Any CPU.ActiveCfg = Debug|Any CPU
		{CC985ACA-29AC-4025-9390-932AAFADE641}.Debug|Any CPU.Build.0 = Debug|Any CPU
		{CC985ACA-29AC-4025-9390-932AAFADE641}.Release|Any CPU.ActiveCfg = Release|Any CPU
		{CC985ACA-29AC-4025-9390-932AAFADE641}.Release|Any CPU.Build.0 = Release|Any CPU
	EndGlobalSection
	GlobalSection(SolutionProperties) = preSolution
		HideSolutionNode = FALSE
	EndGlobalSection
	GlobalSection(ExtensibilityGlobals) = postSolution
		SolutionGuid = {C86D0226-ADCF-4B4D-AA8D-2ED6A7D30C14}
	EndGlobalSection
EndGlobal
