
Microsoft Visual Studio Solution File, Format Version 12.00
# Visual Studio Version 17
VisualStudioVersion = 17.3.32611.2
MinimumVisualStudioVersion = 10.0.40219.1
Project("{FAE04EC0-301F-11D3-BF4B-00C04F79EFBC}") = "BinarySearch", "BinarySearch\BinarySearch.csproj", "{9F3BD9B9-98EC-429B-B25D-6290EA4D7B90}"
EndProject
Project("{FAE04EC0-301F-11D3-BF4B-00C04F79EFBC}") = "UnitTestProject1", "UnitTestProject1\UnitTestProject1.csproj", "{5BB1F6D1-EB80-4CC0-88A2-A232693E2D9A}"
EndProject
Global
	GlobalSection(SolutionConfigurationPlatforms) = preSolution
		Debug|Any CPU = Debug|Any CPU
		Release|Any CPU = Release|Any CPU
	EndGlobalSection
	GlobalSection(ProjectConfigurationPlatforms) = postSolution
		{9F3BD9B9-98EC-429B-B25D-6290EA4D7B90}.Debug|Any CPU.ActiveCfg = Debug|Any CPU
		{9F3BD9B9-98EC-429B-B25D-6290EA4D7B90}.Debug|Any CPU.Build.0 = Debug|Any CPU
		{9F3BD9B9-98EC-429B-B25D-6290EA4D7B90}.Release|Any CPU.ActiveCfg = Release|Any CPU
		{9F3BD9B9-98EC-429B-B25D-6290EA4D7B90}.Release|Any CPU.Build.0 = Release|Any CPU
		{5BB1F6D1-EB80-4CC0-88A2-A232693E2D9A}.Debug|Any CPU.ActiveCfg = Debug|Any CPU
		{5BB1F6D1-EB80-4CC0-88A2-A232693E2D9A}.Debug|Any CPU.Build.0 = Debug|Any CPU
		{5BB1F6D1-EB80-4CC0-88A2-A232693E2D9A}.Release|Any CPU.ActiveCfg = Release|Any CPU
		{5BB1F6D1-EB80-4CC0-88A2-A232693E2D9A}.Release|Any CPU.Build.0 = Release|Any CPU
	EndGlobalSection
	GlobalSection(SolutionProperties) = preSolution
		HideSolutionNode = FALSE
	EndGlobalSection
	GlobalSection(ExtensibilityGlobals) = postSolution
		SolutionGuid = {A275EC32-44A9-4B8C-99EA-D251575B14B8}
	EndGlobalSection
EndGlobal
