
Microsoft Visual Studio Solution File, Format Version 12.00
# Visual Studio Version 17
VisualStudioVersion = 17.6.33801.468
MinimumVisualStudioVersion = 10.0.40219.1
Project("{FAE04EC0-301F-11D3-BF4B-00C04F79EFBC}") = "Hashing", "Hashing\Hashing.csproj", "{219245D3-13CF-4C8E-848D-94DC874A1C2C}"
EndProject
Global
	GlobalSection(SolutionConfigurationPlatforms) = preSolution
		Debug|Any CPU = Debug|Any CPU
		Release|Any CPU = Release|Any CPU
	EndGlobalSection
	GlobalSection(ProjectConfigurationPlatforms) = postSolution
		{219245D3-13CF-4C8E-848D-94DC874A1C2C}.Debug|Any CPU.ActiveCfg = Debug|Any CPU
		{219245D3-13CF-4C8E-848D-94DC874A1C2C}.Debug|Any CPU.Build.0 = Debug|Any CPU
		{219245D3-13CF-4C8E-848D-94DC874A1C2C}.Release|Any CPU.ActiveCfg = Release|Any CPU
		{219245D3-13CF-4C8E-848D-94DC874A1C2C}.Release|Any CPU.Build.0 = Release|Any CPU
	EndGlobalSection
	GlobalSection(SolutionProperties) = preSolution
		HideSolutionNode = FALSE
	EndGlobalSection
	GlobalSection(ExtensibilityGlobals) = postSolution
		SolutionGuid = {C532712E-C804-4F50-A876-20AA80BFC6D3}
	EndGlobalSection
EndGlobal
