
Microsoft Visual Studio Solution File, Format Version 12.00
# Visual Studio Version 17
VisualStudioVersion = 17.6.33801.468
MinimumVisualStudioVersion = 10.0.40219.1
Project("{FAE04EC0-301F-11D3-BF4B-00C04F79EFBC}") = "HIndex", "HIndex\HIndex.csproj", "{69A9FC40-64A3-410B-94B0-5AEDC544DD9F}"
EndProject
Global
	GlobalSection(SolutionConfigurationPlatforms) = preSolution
		Debug|Any CPU = Debug|Any CPU
		Release|Any CPU = Release|Any CPU
	EndGlobalSection
	GlobalSection(ProjectConfigurationPlatforms) = postSolution
		{69A9FC40-64A3-410B-94B0-5AEDC544DD9F}.Debug|Any CPU.ActiveCfg = Debug|Any CPU
		{69A9FC40-64A3-410B-94B0-5AEDC544DD9F}.Debug|Any CPU.Build.0 = Debug|Any CPU
		{69A9FC40-64A3-410B-94B0-5AEDC544DD9F}.Release|Any CPU.ActiveCfg = Release|Any CPU
		{69A9FC40-64A3-410B-94B0-5AEDC544DD9F}.Release|Any CPU.Build.0 = Release|Any CPU
	EndGlobalSection
	GlobalSection(SolutionProperties) = preSolution
		HideSolutionNode = FALSE
	EndGlobalSection
	GlobalSection(ExtensibilityGlobals) = postSolution
		SolutionGuid = {6DC9DA49-DAD7-4AFD-A315-EBED0359BA9D}
	EndGlobalSection
EndGlobal
